{
  "name": "mathsmodule TEST in js",
  "lockfileVersion": 2,
  "requires": true,
  "packages": {
    "": {
      "dependencies": {
        "mathsmodule": "^1.0.0"
      }
    },
    "node_modules/mathsmodule": {
      "version": "1.0.0",
      "resolved": "https://registry.npmjs.org/mathsmodule/-/mathsmodule-1.0.0.tgz",
      "integrity": "sha512-vrRIsZgzK8njmau3uuGnnWZbzcJnD/qQzp4orhiLBkrljIyHRhUeHDXjtQhJQto/6+TYvEkHX4zC5Hi2Szj9ww=="
    }
  },
  "dependencies": {
    "mathsmodule": {
      "version": "1.0.0",
      "resolved": "https://registry.npmjs.org/mathsmodule/-/mathsmodule-1.0.0.tgz",
      "integrity": "sha512-vrRIsZgzK8njmau3uuGnnWZbzcJnD/qQzp4orhiLBkrljIyHRhUeHDXjtQhJQto/6+TYvEkHX4zC5Hi2Szj9ww=="
    }
  }
}
